
Microsoft Visual Studio Solution File, Format Version 12.00
# Visual Studio Version 17
VisualStudioVersion = 17.7.34221.43
MinimumVisualStudioVersion = 10.0.40219.1
Project("{8BC9CEB8-8B4A-11D0-8D11-00A0C91BC942}") = "Project1", "Project1\Project1.vcxproj", "{660B775F-829E-4D30-90EF-0D74DA76A8B2}"
EndProject
Global
	GlobalSection(SolutionConfigurationPlatforms) = preSolution
		Debug|x64 = Debug|x64
		Debug|x86 = Debug|x86
		Release|x64 = Release|x64
		Release|x86 = Release|x86
	EndGlobalSection
	GlobalSection(ProjectConfigurationPlatforms) = postSolution
		{660B775F-829E-4D30-90EF-0D74DA76A8B2}.Debug|x64.ActiveCfg = Debug|x64
		{660B775F-829E-4D30-90EF-0D74DA76A8B2}.Debug|x64.Build.0 = Debug|x64
		{660B775F-829E-4D30-90EF-0D74DA76A8B2}.Debug|x86.ActiveCfg = Debug|Win32
		{660B775F-829E-4D30-90EF-0D74DA76A8B2}.Debug|x86.Build.0 = Debug|Win32
		{660B775F-829E-4D30-90EF-0D74DA76A8B2}.Release|x64.ActiveCfg = Release|x64
		{660B775F-829E-4D30-90EF-0D74DA76A8B2}.Release|x64.Build.0 = Release|x64
		{660B775F-829E-4D30-90EF-0D74DA76A8B2}.Release|x86.ActiveCfg = Release|Win32
		{660B775F-829E-4D30-90EF-0D74DA76A8B2}.Release|x86.Build.0 = Release|Win32
	EndGlobalSection
	GlobalSection(SolutionProperties) = preSolution
		HideSolutionNode = FALSE
	EndGlobalSection
	GlobalSection(ExtensibilityGlobals) = postSolution
		SolutionGuid = {69D535FD-83F2-4BE1-B972-9663510B63F4}
	EndGlobalSection
EndGlobal
